
Microsoft Visual Studio Solution File, Format Version 12.00
# Visual Studio Version 17
VisualStudioVersion = 17.0.31903.59
MinimumVisualStudioVersion = 10.0.40219.1
Project("{FAE04EC0-301F-11D3-BF4B-00C04F79EFBC}") = "API", "API\API.csproj", "{08698CB7-46C8-49E2-A1C0-8A4997065B0E}"
EndProject
Project("{FAE04EC0-301F-11D3-BF4B-00C04F79EFBC}") = "Application", "Application\Application.csproj", "{F377AEE2-640A-4ED8-ACCC-B2EB5E3E41D3}"
EndProject
Project("{FAE04EC0-301F-11D3-BF4B-00C04F79EFBC}") = "Domain", "Domain\Domain.csproj", "{02C518A5-3C68-4416-8BE8-DE2A7172E68E}"
EndProject
Project("{FAE04EC0-301F-11D3-BF4B-00C04F79EFBC}") = "Persistence", "Persistence\Persistence.csproj", "{43EFB430-18E4-45E5-BC2E-E2F3C0702EF6}"
EndProject
Global
	GlobalSection(SolutionConfigurationPlatforms) = preSolution
		Debug|Any CPU = Debug|Any CPU
		Release|Any CPU = Release|Any CPU
	EndGlobalSection
	GlobalSection(SolutionProperties) = preSolution
		HideSolutionNode = FALSE
	EndGlobalSection
	GlobalSection(ProjectConfigurationPlatforms) = postSolution
		{08698CB7-46C8-49E2-A1C0-8A4997065B0E}.Debug|Any CPU.ActiveCfg = Debug|Any CPU
		{08698CB7-46C8-49E2-A1C0-8A4997065B0E}.Debug|Any CPU.Build.0 = Debug|Any CPU
		{08698CB7-46C8-49E2-A1C0-8A4997065B0E}.Release|Any CPU.ActiveCfg = Release|Any CPU
		{08698CB7-46C8-49E2-A1C0-8A4997065B0E}.Release|Any CPU.Build.0 = Release|Any CPU
		{F377AEE2-640A-4ED8-ACCC-B2EB5E3E41D3}.Debug|Any CPU.ActiveCfg = Debug|Any CPU
		{F377AEE2-640A-4ED8-ACCC-B2EB5E3E41D3}.Debug|Any CPU.Build.0 = Debug|Any CPU
		{F377AEE2-640A-4ED8-ACCC-B2EB5E3E41D3}.Release|Any CPU.ActiveCfg = Release|Any CPU
		{F377AEE2-640A-4ED8-ACCC-B2EB5E3E41D3}.Release|Any CPU.Build.0 = Release|Any CPU
		{02C518A5-3C68-4416-8BE8-DE2A7172E68E}.Debug|Any CPU.ActiveCfg = Debug|Any CPU
		{02C518A5-3C68-4416-8BE8-DE2A7172E68E}.Debug|Any CPU.Build.0 = Debug|Any CPU
		{02C518A5-3C68-4416-8BE8-DE2A7172E68E}.Release|Any CPU.ActiveCfg = Release|Any CPU
		{02C518A5-3C68-4416-8BE8-DE2A7172E68E}.Release|Any CPU.Build.0 = Release|Any CPU
		{43EFB430-18E4-45E5-BC2E-E2F3C0702EF6}.Debug|Any CPU.ActiveCfg = Debug|Any CPU
		{43EFB430-18E4-45E5-BC2E-E2F3C0702EF6}.Debug|Any CPU.Build.0 = Debug|Any CPU
		{43EFB430-18E4-45E5-BC2E-E2F3C0702EF6}.Release|Any CPU.ActiveCfg = Release|Any CPU
		{43EFB430-18E4-45E5-BC2E-E2F3C0702EF6}.Release|Any CPU.Build.0 = Release|Any CPU
	EndGlobalSection
EndGlobal
